
Microsoft Visual Studio Solution File, Format Version 12.00
# Visual Studio Version 17
VisualStudioVersion = 17.3.32804.467
MinimumVisualStudioVersion = 10.0.40219.1
Project("{FAE04EC0-301F-11D3-BF4B-00C04F79EFBC}") = "PolymorphismAssignment", "PolymorphismAssignment\PolymorphismAssignment.csproj", "{F4C41334-7B0E-43F4-940D-FA964AF6E689}"
EndProject
Global
	GlobalSection(SolutionConfigurationPlatforms) = preSolution
		Debug|Any CPU = Debug|Any CPU
		Release|Any CPU = Release|Any CPU
	EndGlobalSection
	GlobalSection(ProjectConfigurationPlatforms) = postSolution
		{F4C41334-7B0E-43F4-940D-FA964AF6E689}.Debug|Any CPU.ActiveCfg = Debug|Any CPU
		{F4C41334-7B0E-43F4-940D-FA964AF6E689}.Debug|Any CPU.Build.0 = Debug|Any CPU
		{F4C41334-7B0E-43F4-940D-FA964AF6E689}.Release|Any CPU.ActiveCfg = Release|Any CPU
		{F4C41334-7B0E-43F4-940D-FA964AF6E689}.Release|Any CPU.Build.0 = Release|Any CPU
	EndGlobalSection
	GlobalSection(SolutionProperties) = preSolution
		HideSolutionNode = FALSE
	EndGlobalSection
	GlobalSection(ExtensibilityGlobals) = postSolution
		SolutionGuid = {7234EB7A-D879-4A39-988E-01CEB1F44884}
	EndGlobalSection
EndGlobal
